
Microsoft Visual Studio Solution File, Format Version 12.00
# Visual Studio 14
VisualStudioVersion = 14.0.25420.1
MinimumVisualStudioVersion = 10.0.40219.1
Project("{2150E333-8FDC-42A3-9474-1A3956D46DE8}") = "lib", "lib", "{5FB68B78-2694-42FA-8E56-1AB779DDCE9F}"
	ProjectSection(SolutionItems) = preProject
		lib\preview.css = lib\preview.css
		lib\preview.js = lib\preview.js
		lib\qrScanner.js = lib\qrScanner.js
		lib\qrScannerProxy.js = lib\qrScannerProxy.js
		lib\videoCapture.js = lib\videoCapture.js
	EndProjectSection
EndProject
Project("{FAE04EC0-301F-11D3-BF4B-00C04F79EFBC}") = "QRReader", "QRReader\QRReader.csproj", "{92AFD21B-4738-4B37-956D-EC46E0BFE3D6}"
EndProject
Global
	GlobalSection(SolutionConfigurationPlatforms) = preSolution
		Debug|Any CPU = Debug|Any CPU
		Release|Any CPU = Release|Any CPU
	EndGlobalSection
	GlobalSection(ProjectConfigurationPlatforms) = postSolution
		{92AFD21B-4738-4B37-956D-EC46E0BFE3D6}.Debug|Any CPU.ActiveCfg = Debug|Any CPU
		{92AFD21B-4738-4B37-956D-EC46E0BFE3D6}.Debug|Any CPU.Build.0 = Debug|Any CPU
		{92AFD21B-4738-4B37-956D-EC46E0BFE3D6}.Release|Any CPU.ActiveCfg = Release|Any CPU
		{92AFD21B-4738-4B37-956D-EC46E0BFE3D6}.Release|Any CPU.Build.0 = Release|Any CPU
	EndGlobalSection
	GlobalSection(SolutionProperties) = preSolution
		HideSolutionNode = FALSE
	EndGlobalSection
EndGlobal
